{
  "name": "@appfibre/webpack-plugin-jst",
  "version": "0.0.1",
  "lockfileVersion": 1,
  "requires": true,
  "dependencies": {
    "@appfibre/jst": {
      "version": "0.1.4",
      "resolved": "https://registry.npmjs.org/@appfibre/jst/-/jst-0.1.4.tgz",
      "integrity": "sha512-Mx1ZHTvvh8UUm9/OiSODQ5LBX34o7Ie/AUxYO3Rc5Wg+YiSzEDABJuBoYIX+tdS8MqSd6v5rNpWG97Hsh1K7Tw=="
    }
  }
}
