{
  "name": "@appfibre/webcomponents",
  "version": "0.0.3",
  "lockfileVersion": 1,
  "requires": true,
  "dependencies": {
    "@appfibre/core": {
      "version": "0.0.3",
      "resolved": "https://registry.npmjs.org/@appfibre/core/-/core-0.0.3.tgz",
      "integrity": "sha512-OxxE93XI9N1pYsBmwFRIPDrNZqq8YAbJd9a+G2xDhdjKVvZ6rt5fsFNt4+Fzq/v8WebxgXcQmFEV/MDBYH7lFg=="
    },
    "@appfibre/types": {
      "version": "0.0.3",
      "resolved": "https://registry.npmjs.org/@appfibre/types/-/types-0.0.3.tgz",
      "integrity": "sha512-emK2IXZ8Heim70qk0X6z/3ORU5LS85aJIhL/lTIsBVItwx/DTDkpfk4p3cMvPUJ5/hBT9Gp/IdOoQdiVz3e5LA=="
    },
    "@appfibre/webapp": {
      "version": "0.0.3",
      "resolved": "https://registry.npmjs.org/@appfibre/webapp/-/webapp-0.0.3.tgz",
      "integrity": "sha512-9QXPnBYCQqKOPIkO21vpNvav0/gOZ8mCZGzNMmwpgFb5yLO92k73LXqwy52fSMdRSpVR9l1E1FxyVx7RLPJIqA==",
      "requires": {
        "@appfibre/core": "0.0.3"
      }
    },
    "@types/node": {
      "version": "12.0.8",
      "resolved": "https://registry.npmjs.org/@types/node/-/node-12.0.8.tgz",
      "integrity": "sha512-b8bbUOTwzIY3V5vDTY1fIJ+ePKDUBqt2hC2woVGotdQQhG/2Sh62HOKHrT7ab+VerXAcPyAiTEipPu/FsreUtg==",
      "dev": true
    },
    "typescript": {
      "version": "3.5.2",
      "resolved": "https://registry.npmjs.org/typescript/-/typescript-3.5.2.tgz",
      "integrity": "sha512-7KxJovlYhTX5RaRbUdkAXN1KUZ8PwWlTzQdHV6xNqvuFOs7+WBo10TQUqT19Q/Jz2hk5v9TQDIhyLhhJY4p5AA==",
      "dev": true
    }
  }
}
