{
  "name": "@appfibre/core",
  "version": "0.0.2",
  "lockfileVersion": 1,
  "requires": true,
  "dependencies": {
    "@appfibre/types": {
      "version": "0.0.1",
      "resolved": "https://registry.npmjs.org/@appfibre/types/-/types-0.0.1.tgz",
      "integrity": "sha512-ygL/EbQeBITKH5eHwdvEMfmWXRXV3RfF6fZ0Et9ViiUnExGyx+IryWrjH/E0mFc2DLp9nC64NrLN9leA54znkA==",
      "dev": true
    },
    "@types/node": {
      "version": "12.0.8",
      "resolved": "https://registry.npmjs.org/@types/node/-/node-12.0.8.tgz",
      "integrity": "sha512-b8bbUOTwzIY3V5vDTY1fIJ+ePKDUBqt2hC2woVGotdQQhG/2Sh62HOKHrT7ab+VerXAcPyAiTEipPu/FsreUtg==",
      "dev": true
    }
  }
}
