{
  "name": "@appfibre/webapp",
  "version": "0.1.0",
  "lockfileVersion": 1,
  "requires": true,
  "dependencies": {
    "@appfibre/jst": {
      "version": "0.1.5",
      "resolved": "https://registry.npmjs.org/@appfibre/jst/-/jst-0.1.5.tgz",
      "integrity": "sha512-HBOA87SpsCaRuKGFgjoKGmxmmsO2SW64rGwtkCVio1SWJXlMQwkdzxuP0qGb9hEZ4L5bENF9AkpvY+G7hw9QIA==",
      "requires": {
        "@types/node": "11.13.13"
      }
    },
    "@types/node": {
      "version": "11.13.13",
      "resolved": "https://registry.npmjs.org/@types/node/-/node-11.13.13.tgz",
      "integrity": "sha512-GFWH7e4Q/OGLAO545bupVju+nE1YtLSwYAdLfSzAXnTPqoqKoXCOEtB7Cluvg9B/h2nGLhyzCDyCInYvrOE2nw=="
    }
  }
}
