{
  "name": "@appfibre/webapp",
  "version": "0.1.0",
  "lockfileVersion": 1,
  "requires": true,
  "dependencies": {
    "@appfibre/core": {
      "version": "0.0.1",
      "resolved": "https://registry.npmjs.org/@appfibre/core/-/core-0.0.1.tgz",
      "integrity": "sha512-b50aBZdSGEqc6t9S7N2d0MSvL8juWJ0GWbWYpabg/JvUJEGbWMsBvtfoAQA70/+YszCEu2UB6SSIUbEBs5VlIw=="
    }
  }
}
